// !$*UTF8*$!
{
	archiveVersion = 1;
	classes = {
	};
	objectVersion = 50;
	objects = {

/* Begin PBXBuildFile section */
		14A57D8D2426D654009A9235 /* AppDelegate.swift in Sources */ = {isa = PBXBuildFile; fileRef = 14A57D8C2426D654009A9235 /* AppDelegate.swift */; };
		14A57D8F2426D654009A9235 /* SceneDelegate.swift in Sources */ = {isa = PBXBuildFile; fileRef = 14A57D8E2426D654009A9235 /* SceneDelegate.swift */; };
		14A57D912426D654009A9235 /* ContentView.swift in Sources */ = {isa = PBXBuildFile; fileRef = 14A57D902426D654009A9235 /* ContentView.swift */; };
		14A57D932426D656009A9235 /* Assets.xcassets in Resources */ = {isa = PBXBuildFile; fileRef = 14A57D922426D656009A9235 /* Assets.xcassets */; };
		14A57D962426D656009A9235 /* Preview Assets.xcassets in Resources */ = {isa = PBXBuildFile; fileRef = 14A57D952426D656009A9235 /* Preview Assets.xcassets */; };
		14A57D992426D656009A9235 /* LaunchScreen.storyboard in Resources */ = {isa = PBXBuildFile; fileRef = 14A57D972426D656009A9235 /* LaunchScreen.storyboard */; };
		14A57DA42426D656009A9235 /* CoronaTrackerTests.swift in Sources */ = {isa = PBXBuildFile; fileRef = 14A57DA32426D656009A9235 /* CoronaTrackerTests.swift */; };
/* End PBXBuildFile section */

/* Begin PBXContainerItemProxy section */
		14A57DA02426D656009A9235 /* PBXContainerItemProxy */ = {
			isa = PBXContainerItemProxy;
			containerPortal = 14A57D812426D654009A9235 /* Project object */;
			proxyType = 1;
			remoteGlobalIDString = 14A57D882426D654009A9235;
			remoteInfo = CoronaTracker;
		};
/* End PBXContainerItemProxy section */

/* Begin PBXFileReference section */
		14A57D892426D654009A9235 /* CoronaTracker.app */ = {isa = PBXFileReference; explicitFileType = wrapper.application; includeInIndex = 0; path = CoronaTracker.app; sourceTree = BUILT_PRODUCTS_DIR; };
		14A57D8C2426D654009A9235 /* AppDelegate.swift */ = {isa = PBXFileReference; lastKnownFileType = sourcecode.swift; path = AppDelegate.swift; sourceTree = "<group>"; };
		14A57D8E2426D654009A9235 /* SceneDelegate.swift */ = {isa = PBXFileReference; lastKnownFileType = sourcecode.swift; path = SceneDelegate.swift; sourceTree = "<group>"; };
		14A57D902426D654009A9235 /* ContentView.swift */ = {isa = PBXFileReference; lastKnownFileType = sourcecode.swift; path = ContentView.swift; sourceTree = "<group>"; };
		14A57D922426D656009A9235 /* Assets.xcassets */ = {isa = PBXFileReference; lastKnownFileType = folder.assetcatalog; path = Assets.xcassets; sourceTree = "<group>"; };
		14A57D952426D656009A9235 /* Preview Assets.xcassets */ = {isa = PBXFileReference; lastKnownFileType = folder.assetcatalog; path = "Preview Assets.xcassets"; sourceTree = "<group>"; };
		14A57D982426D656009A9235 /* Base */ = {isa = PBXFileReference; lastKnownFileType = file.storyboard; name = Base; path = Base.lproj/LaunchScreen.storyboard; sourceTree = "<group>"; };
		14A57D9A2426D656009A9235 /* Info.plist */ = {isa = PBXFileReference; lastKnownFileType = text.plist.xml; path = Info.plist; sourceTree = "<group>"; };
		14A57D9F2426D656009A9235 /* CoronaTrackerTests.xctest */ = {isa = PBXFileReference; explicitFileType = wrapper.cfbundle; includeInIndex = 0; path = CoronaTrackerTests.xctest; sourceTree = BUILT_PRODUCTS_DIR; };
		14A57DA32426D656009A9235 /* CoronaTrackerTests.swift */ = {isa = PBXFileReference; lastKnownFileType = sourcecode.swift; path = CoronaTrackerTests.swift; sourceTree = "<group>"; };
		14A57DA52426D656009A9235 /* Info.plist */ = {isa = PBXFileReference; lastKnownFileType = text.plist.xml; path = Info.plist; sourceTree = "<group>"; };
/* End PBXFileReference section */

/* Begin PBXFrameworksBuildPhase section */
		14A57D862426D654009A9235 /* Frameworks */ = {
			isa = PBXFrameworksBuildPhase;
			buildActionMask = 2147483647;
			files = (
			);
			runOnlyForDeploymentPostprocessing = 0;
		};
		14A57D9C2426D656009A9235 /* Frameworks */ = {
			isa = PBXFrameworksBuildPhase;
			buildActionMask = 2147483647;
			files = (
			);
			runOnlyForDeploymentPostprocessing = 0;
		};
/* End PBXFrameworksBuildPhase section */

/* Begin PBXGroup section */
		14A57D802426D654009A9235 = {
			isa = PBXGroup;
			children = (
				14A57D8B2426D654009A9235 /* CoronaTracker */,
				14A57DA22426D656009A9235 /* CoronaTrackerTests */,
				14A57D8A2426D654009A9235 /* Products */,
			);
			sourceTree = "<group>";
		};
		14A57D8A2426D654009A9235 /* Products */ = {
			isa = PBXGroup;
			children = (
				14A57D892426D654009A9235 /* CoronaTracker.app */,
				14A57D9F2426D656009A9235 /* CoronaTrackerTests.xctest */,
			);
			name = Products;
			sourceTree = "<group>";
		};
		14A57D8B2426D654009A9235 /* CoronaTracker */ = {
			isa = PBXGroup;
			children = (
				14A57D8C2426D654009A9235 /* AppDelegate.swift */,
				14A57D8E2426D654009A9235 /* SceneDelegate.swift */,
				14A57D902426D654009A9235 /* ContentView.swift */,
				14A57D922426D656009A9235 /* Assets.xcassets */,
				14A57D972426D656009A9235 /* LaunchScreen.storyboard */,
				14A57D9A2426D656009A9235 /* Info.plist */,
				14A57D942426D656009A9235 /* Preview Content */,
			);
			path = CoronaTracker;
			sourceTree = "<group>";
		};
		14A57D942426D656009A9235 /* Preview Content */ = {
			isa = PBXGroup;
			children = (
				14A57D952426D656009A9235 /* Preview Assets.xcassets */,
			);
			path = "Preview Content";
			sourceTree = "<group>";
		};
		14A57DA22426D656009A9235 /* CoronaTrackerTests */ = {
			isa = PBXGroup;
			children = (
				14A57DA32426D656009A9235 /* CoronaTrackerTests.swift */,
				14A57DA52426D656009A9235 /* Info.plist */,
			);
			path = CoronaTrackerTests;
			sourceTree = "<group>";
		};
/* End PBXGroup section */

/* Begin PBXNativeTarget section */
		14A57D882426D654009A9235 /* CoronaTracker */ = {
			isa = PBXNativeTarget;
			buildConfigurationList = 14A57DA82426D656009A9235 /* Build configuration list for PBXNativeTarget "CoronaTracker" */;
			buildPhases = (
				14A57D852426D654009A9235 /* Sources */,
				14A57D862426D654009A9235 /* Frameworks */,
				14A57D872426D654009A9235 /* Resources */,
			);
			buildRules = (
			);
			dependencies = (
			);
			name = CoronaTracker;
			productName = CoronaTracker;
			productReference = 14A57D892426D654009A9235 /* CoronaTracker.app */;
			productType = "com.apple.product-type.application";
		};
		14A57D9E2426D656009A9235 /* CoronaTrackerTests */ = {
			isa = PBXNativeTarget;
			buildConfigurationList = 14A57DAB2426D656009A9235 /* Build configuration list for PBXNativeTarget "CoronaTrackerTests" */;
			buildPhases = (
				14A57D9B2426D656009A9235 /* Sources */,
				14A57D9C2426D656009A9235 /* Frameworks */,
				14A57D9D2426D656009A9235 /* Resources */,
			);
			buildRules = (
			);
			dependencies = (
				14A57DA12426D656009A9235 /* PBXTargetDependency */,
			);
			name = CoronaTrackerTests;
			productName = CoronaTrackerTests;
			productReference = 14A57D9F2426D656009A9235 /* CoronaTrackerTests.xctest */;
			productType = "com.apple.product-type.bundle.unit-test";
		};
/* End PBXNativeTarget section */

/* Begin PBXProject section */
		14A57D812426D654009A9235 /* Project object */ = {
			isa = PBXProject;
			attributes = {
				LastSwiftUpdateCheck = 1130;
				LastUpgradeCheck = 1130;
				ORGANIZATIONNAME = "Corona Tracker";
				TargetAttributes = {
					14A57D882426D654009A9235 = {
						CreatedOnToolsVersion = 11.3.1;
					};
					14A57D9E2426D656009A9235 = {
						CreatedOnToolsVersion = 11.3.1;
						TestTargetID = 14A57D882426D654009A9235;
					};
				};
			};
			buildConfigurationList = 14A57D842426D654009A9235 /* Build configuration list for PBXProject "CoronaTracker" */;
			compatibilityVersion = "Xcode 9.3";
			developmentRegion = en;
			hasScannedForEncodings = 0;
			knownRegions = (
				en,
				Base,
			);
			mainGroup = 14A57D802426D654009A9235;
			productRefGroup = 14A57D8A2426D654009A9235 /* Products */;
			projectDirPath = "";
			projectRoot = "";
			targets = (
				14A57D882426D654009A9235 /* CoronaTracker */,
				14A57D9E2426D656009A9235 /* CoronaTrackerTests */,
			);
		};
/* End PBXProject section */

/* Begin PBXResourcesBuildPhase section */
		14A57D872426D654009A9235 /* Resources */ = {
			isa = PBXResourcesBuildPhase;
			buildActionMask = 2147483647;
			files = (
				14A57D992426D656009A9235 /* LaunchScreen.storyboard in Resources */,
				14A57D962426D656009A9235 /* Preview Assets.xcassets in Resources */,
				14A57D932426D656009A9235 /* Assets.xcassets in Resources */,
			);
			runOnlyForDeploymentPostprocessing = 0;
		};
		14A57D9D2426D656009A9235 /* Resources */ = {
			isa = PBXResourcesBuildPhase;
			buildActionMask = 2147483647;
			files = (
			);
			runOnlyForDeploymentPostprocessing = 0;
		};
/* End PBXResourcesBuildPhase section */

/* Begin PBXSourcesBuildPhase section */
		14A57D852426D654009A9235 /* Sources */ = {
			isa = PBXSourcesBuildPhase;
			buildActionMask = 2147483647;
			files = (
				14A57D8D2426D654009A9235 /* AppDelegate.swift in Sources */,
				14A57D8F2426D654009A9235 /* SceneDelegate.swift in Sources */,
				14A57D912426D654009A9235 /* ContentView.swift in Sources */,
			);
			runOnlyForDeploymentPostprocessing = 0;
		};
		14A57D9B2426D656009A9235 /* Sources */ = {
			isa = PBXSourcesBuildPhase;
			buildActionMask = 2147483647;
			files = (
				14A57DA42426D656009A9235 /* CoronaTrackerTests.swift in Sources */,
			);
			runOnlyForDeploymentPostprocessing = 0;
		};
/* End PBXSourcesBuildPhase section */

/* Begin PBXTargetDependency section */
		14A57DA12426D656009A9235 /* PBXTargetDependency */ = {
			isa = PBXTargetDependency;
			target = 14A57D882426D654009A9235 /* CoronaTracker */;
			targetProxy = 14A57DA02426D656009A9235 /* PBXContainerItemProxy */;
		};
/* End PBXTargetDependency section */

/* Begin PBXVariantGroup section */
		14A57D972426D656009A9235 /* LaunchScreen.storyboard */ = {
			isa = PBXVariantGroup;
			children = (
				14A57D982426D656009A9235 /* Base */,
			);
			name = LaunchScreen.storyboard;
			sourceTree = "<group>";
		};
/* End PBXVariantGroup section */

/* Begin XCBuildConfiguration section */
		14A57DA62426D656009A9235 /* Debug */ = {
			isa = XCBuildConfiguration;
			buildSettings = {
				ALWAYS_SEARCH_USER_PATHS = NO;
				CLANG_ANALYZER_NONNULL = YES;
				CLANG_ANALYZER_NUMBER_OBJECT_CONVERSION = YES_AGGRESSIVE;
				CLANG_CXX_LANGUAGE_STANDARD = "gnu++14";
				CLANG_CXX_LIBRARY = "libc++";
				CLANG_ENABLE_MODULES = YES;
				CLANG_ENABLE_OBJC_ARC = YES;
				CLANG_ENABLE_OBJC_WEAK = YES;
				CLANG_WARN_BLOCK_CAPTURE_AUTORELEASING = YES;
				CLANG_WARN_BOOL_CONVERSION = YES;
				CLANG_WARN_COMMA = YES;
				CLANG_WARN_CONSTANT_CONVERSION = YES;
				CLANG_WARN_DEPRECATED_OBJC_IMPLEMENTATIONS = YES;
				CLANG_WARN_DIRECT_OBJC_ISA_USAGE = YES_ERROR;
				CLANG_WARN_DOCUMENTATION_COMMENTS = YES;
				CLANG_WARN_EMPTY_BODY = YES;
				CLANG_WARN_ENUM_CONVERSION = YES;
				CLANG_WARN_INFINITE_RECURSION = YES;
				CLANG_WARN_INT_CONVERSION = YES;
				CLANG_WARN_NON_LITERAL_NULL_CONVERSION = YES;
				CLANG_WARN_OBJC_IMPLICIT_RETAIN_SELF = YES;
				CLANG_WARN_OBJC_LITERAL_CONVERSION = YES;
				CLANG_WARN_OBJC_ROOT_CLASS = YES_ERROR;
				CLANG_WARN_RANGE_LOOP_ANALYSIS = YES;
				CLANG_WARN_STRICT_PROTOTYPES = YES;
				CLANG_WARN_SUSPICIOUS_MOVE = YES;
				CLANG_WARN_UNGUARDED_AVAILABILITY = YES_AGGRESSIVE;
				CLANG_WARN_UNREACHABLE_CODE = YES;
				CLANG_WARN__DUPLICATE_METHOD_MATCH = YES;
				COPY_PHASE_STRIP = NO;
				DEBUG_INFORMATION_FORMAT = dwarf;
				ENABLE_STRICT_OBJC_MSGSEND = YES;
				ENABLE_TESTABILITY = YES;
				GCC_C_LANGUAGE_STANDARD = gnu11;
				GCC_DYNAMIC_NO_PIC = NO;
				GCC_NO_COMMON_BLOCKS = YES;
				GCC_OPTIMIZATION_LEVEL = 0;
				GCC_PREPROCESSOR_DEFINITIONS = (
					"DEBUG=1",
					"$(inherited)",
				);
				GCC_WARN_64_TO_32_BIT_CONVERSION = YES;
				GCC_WARN_ABOUT_RETURN_TYPE = YES_ERROR;
				GCC_WARN_UNDECLARED_SELECTOR = YES;
				GCC_WARN_UNINITIALIZED_AUTOS = YES_AGGRESSIVE;
				GCC_WARN_UNUSED_FUNCTION = YES;
				GCC_WARN_UNUSED_VARIABLE = YES;
				IPHONEOS_DEPLOYMENT_TARGET = 13.2;
				MTL_ENABLE_DEBUG_INFO = INCLUDE_SOURCE;
				MTL_FAST_MATH = YES;
				ONLY_ACTIVE_ARCH = YES;
				SDKROOT = iphoneos;
				SWIFT_ACTIVE_COMPILATION_CONDITIONS = DEBUG;
				SWIFT_OPTIMIZATION_LEVEL = "-Onone";
			};
			name = Debug;
		};
		14A57DA72426D656009A9235 /* Release */ = {
			isa = XCBuildConfiguration;
			buildSettings = {
				ALWAYS_SEARCH_USER_PATHS = NO;
				CLANG_ANALYZER_NONNULL = YES;
				CLANG_ANALYZER_NUMBER_OBJECT_CONVERSION = YES_AGGRESSIVE;
				CLANG_CXX_LANGUAGE_STANDARD = "gnu++14";
				CLANG_CXX_LIBRARY = "libc++";
				CLANG_ENABLE_MODULES = YES;
				CLANG_ENABLE_OBJC_ARC = YES;
				CLANG_ENABLE_OBJC_WEAK = YES;
				CLANG_WARN_BLOCK_CAPTURE_AUTORELEASING = YES;
				CLANG_WARN_BOOL_CONVERSION = YES;
				CLANG_WARN_COMMA = YES;
				CLANG_WARN_CONSTANT_CONVERSION = YES;
				CLANG_WARN_DEPRECATED_OBJC_IMPLEMENTATIONS = YES;
				CLANG_WARN_DIRECT_OBJC_ISA_USAGE = YES_ERROR;
				CLANG_WARN_DOCUMENTATION_COMMENTS = YES;
				CLANG_WARN_EMPTY_BODY = YES;
				CLANG_WARN_ENUM_CONVERSION = YES;
				CLANG_WARN_INFINITE_RECURSION = YES;
				CLANG_WARN_INT_CONVERSION = YES;
				CLANG_WARN_NON_LITERAL_NULL_CONVERSION = YES;
				CLANG_WARN_OBJC_IMPLICIT_RETAIN_SELF = YES;
				CLANG_WARN_OBJC_LITERAL_CONVERSION = YES;
				CLANG_WARN_OBJC_ROOT_CLASS = YES_ERROR;
				CLANG_WARN_RANGE_LOOP_ANALYSIS = YES;
				CLANG_WARN_STRICT_PROTOTYPES = YES;
				CLANG_WARN_SUSPICIOUS_MOVE = YES;
				CLANG_WARN_UNGUARDED_AVAILABILITY = YES_AGGRESSIVE;
				CLANG_WARN_UNREACHABLE_CODE = YES;
				CLANG_WARN__DUPLICATE_METHOD_MATCH = YES;
				COPY_PHASE_STRIP = NO;
				DEBUG_INFORMATION_FORMAT = "dwarf-with-dsym";
				ENABLE_NS_ASSERTIONS = NO;
				ENABLE_STRICT_OBJC_MSGSEND = YES;
				GCC_C_LANGUAGE_STANDARD = gnu11;
				GCC_NO_COMMON_BLOCKS = YES;
				GCC_WARN_64_TO_32_BIT_CONVERSION = YES;
				GCC_WARN_ABOUT_RETURN_TYPE = YES_ERROR;
				GCC_WARN_UNDECLARED_SELECTOR = YES;
				GCC_WARN_UNINITIALIZED_AUTOS = YES_AGGRESSIVE;
				GCC_WARN_UNUSED_FUNCTION = YES;
				GCC_WARN_UNUSED_VARIABLE = YES;
				IPHONEOS_DEPLOYMENT_TARGET = 13.2;
				MTL_ENABLE_DEBUG_INFO = NO;
				MTL_FAST_MATH = YES;
				SDKROOT = iphoneos;
				SWIFT_COMPILATION_MODE = wholemodule;
				SWIFT_OPTIMIZATION_LEVEL = "-O";
				VALIDATE_PRODUCT = YES;
			};
			name = Release;
		};
		14A57DA92426D656009A9235 /* Debug */ = {
			isa = XCBuildConfiguration;
			buildSettings = {
				ASSETCATALOG_COMPILER_APPICON_NAME = AppIcon;
				CODE_SIGN_STYLE = Automatic;
				DEVELOPMENT_ASSET_PATHS = "\"CoronaTracker/Preview Content\"";
				DEVELOPMENT_TEAM = 76KSWDPWX9;
				ENABLE_PREVIEWS = YES;
				INFOPLIST_FILE = CoronaTracker/Info.plist;
				LD_RUNPATH_SEARCH_PATHS = (
					"$(inherited)",
					"@executable_path/Frameworks",
				);
				PRODUCT_BUNDLE_IDENTIFIER = com.coronatraker.bd.CoronaTracker;
				PRODUCT_NAME = "$(TARGET_NAME)";
				SWIFT_VERSION = 5.0;
				TARGETED_DEVICE_FAMILY = "1,2";
			};
			name = Debug;
		};
		14A57DAA2426D656009A9235 /* Release */ = {
			isa = XCBuildConfiguration;
			buildSettings = {
				ASSETCATALOG_COMPILER_APPICON_NAME = AppIcon;
				CODE_SIGN_STYLE = Automatic;
				DEVELOPMENT_ASSET_PATHS = "\"CoronaTracker/Preview Content\"";
				DEVELOPMENT_TEAM = 76KSWDPWX9;
				ENABLE_PREVIEWS = YES;
				INFOPLIST_FILE = CoronaTracker/Info.plist;
				LD_RUNPATH_SEARCH_PATHS = (
					"$(inherited)",
					"@executable_path/Frameworks",
				);
				PRODUCT_BUNDLE_IDENTIFIER = com.coronatraker.bd.CoronaTracker;
				PRODUCT_NAME = "$(TARGET_NAME)";
				SWIFT_VERSION = 5.0;
				TARGETED_DEVICE_FAMILY = "1,2";
			};
			name = Release;
		};
		14A57DAC2426D656009A9235 /* Debug */ = {
			isa = XCBuildConfiguration;
			buildSettings = {
				ALWAYS_EMBED_SWIFT_STANDARD_LIBRARIES = YES;
				BUNDLE_LOADER = "$(TEST_HOST)";
				CODE_SIGN_STYLE = Automatic;
				DEVELOPMENT_TEAM = 76KSWDPWX9;
				INFOPLIST_FILE = CoronaTrackerTests/Info.plist;
				IPHONEOS_DEPLOYMENT_TARGET = 13.2;
				LD_RUNPATH_SEARCH_PATHS = (
					"$(inherited)",
					"@executable_path/Frameworks",
					"@loader_path/Frameworks",
				);
				PRODUCT_BUNDLE_IDENTIFIER = com.coronatraker.bd.CoronaTrackerTests;
				PRODUCT_NAME = "$(TARGET_NAME)";
				SWIFT_VERSION = 5.0;
				TARGETED_DEVICE_FAMILY = "1,2";
				TEST_HOST = "$(BUILT_PRODUCTS_DIR)/CoronaTracker.app/CoronaTracker";
			};
			name = Debug;
		};
		14A57DAD2426D656009A9235 /* Release */ = {
			isa = XCBuildConfiguration;
			buildSettings = {
				ALWAYS_EMBED_SWIFT_STANDARD_LIBRARIES = YES;
				BUNDLE_LOADER = "$(TEST_HOST)";
				CODE_SIGN_STYLE = Automatic;
				DEVELOPMENT_TEAM = 76KSWDPWX9;
				INFOPLIST_FILE = CoronaTrackerTests/Info.plist;
				IPHONEOS_DEPLOYMENT_TARGET = 13.2;
				LD_RUNPATH_SEARCH_PATHS = (
					"$(inherited)",
					"@executable_path/Frameworks",
					"@loader_path/Frameworks",
				);
				PRODUCT_BUNDLE_IDENTIFIER = com.coronatraker.bd.CoronaTrackerTests;
				PRODUCT_NAME = "$(TARGET_NAME)";
				SWIFT_VERSION = 5.0;
				TARGETED_DEVICE_FAMILY = "1,2";
				TEST_HOST = "$(BUILT_PRODUCTS_DIR)/CoronaTracker.app/CoronaTracker";
			};
			name = Release;
		};
/* End XCBuildConfiguration section */

/* Begin XCConfigurationList section */
		14A57D842426D654009A9235 /* Build configuration list for PBXProject "CoronaTracker" */ = {
			isa = XCConfigurationList;
			buildConfigurations = (
				14A57DA62426D656009A9235 /* Debug */,
				14A57DA72426D656009A9235 /* Release */,
			);
			defaultConfigurationIsVisible = 0;
			defaultConfigurationName = Release;
		};
		14A57DA82426D656009A9235 /* Build configuration list for PBXNativeTarget "CoronaTracker" */ = {
			isa = XCConfigurationList;
			buildConfigurations = (
				14A57DA92426D656009A9235 /* Debug */,
				14A57DAA2426D656009A9235 /* Release */,
			);
			defaultConfigurationIsVisible = 0;
			defaultConfigurationName = Release;
		};
		14A57DAB2426D656009A9235 /* Build configuration list for PBXNativeTarget "CoronaTrackerTests" */ = {
			isa = XCConfigurationList;
			buildConfigurations = (
				14A57DAC2426D656009A9235 /* Debug */,
				14A57DAD2426D656009A9235 /* Release */,
			);
			defaultConfigurationIsVisible = 0;
			defaultConfigurationName = Release;
		};
/* End XCConfigurationList section */
	};
	rootObject = 14A57D812426D654009A9235 /* Project object */;
}
