// !$*UTF8*$!
{
	archiveVersion = 1;
	classes = {
	};
	objectVersion = 51;
	objects = {

/* Begin PBXBuildFile section */
		06117EC6107CCCD879DFBE47 /* Pods_CoronaTrackerTests.framework in Frameworks */ = {isa = PBXBuildFile; fileRef = 8774F73EF21D39C6678D667E /* Pods_CoronaTrackerTests.framework */; };
		14A57DEE242F49BC009A9235 /* AppDelegate.swift in Sources */ = {isa = PBXBuildFile; fileRef = 14A57DED242F49BC009A9235 /* AppDelegate.swift */; };
		14A57DF0242F49BC009A9235 /* SceneDelegate.swift in Sources */ = {isa = PBXBuildFile; fileRef = 14A57DEF242F49BC009A9235 /* SceneDelegate.swift */; };
		14A57DF2242F49BC009A9235 /* RegistrationViewController.swift in Sources */ = {isa = PBXBuildFile; fileRef = 14A57DF1242F49BC009A9235 /* RegistrationViewController.swift */; };
		14A57DF5242F49BC009A9235 /* Main.storyboard in Resources */ = {isa = PBXBuildFile; fileRef = 14A57DF3242F49BC009A9235 /* Main.storyboard */; };
		14A57DF7242F49BD009A9235 /* Assets.xcassets in Resources */ = {isa = PBXBuildFile; fileRef = 14A57DF6242F49BD009A9235 /* Assets.xcassets */; };
		14A57DFA242F49BD009A9235 /* LaunchScreen.storyboard in Resources */ = {isa = PBXBuildFile; fileRef = 14A57DF8242F49BD009A9235 /* LaunchScreen.storyboard */; };
		14A57E05242F49BD009A9235 /* CoronaTrackerTests.swift in Sources */ = {isa = PBXBuildFile; fileRef = 14A57E04242F49BD009A9235 /* CoronaTrackerTests.swift */; };
		14A57E14242FD5FA009A9235 /* CTUserInfo.swift in Sources */ = {isa = PBXBuildFile; fileRef = 14A57E13242FD5FA009A9235 /* CTUserInfo.swift */; };
		14A57E16242FD9BF009A9235 /* SecStorageService.swift in Sources */ = {isa = PBXBuildFile; fileRef = 14A57E15242FD9BF009A9235 /* SecStorageService.swift */; };
		14A57E18242FD9DD009A9235 /* SecKeyService.swift in Sources */ = {isa = PBXBuildFile; fileRef = 14A57E17242FD9DD009A9235 /* SecKeyService.swift */; };
		14A57E1A242FFD42009A9235 /* RestApiService.swift in Sources */ = {isa = PBXBuildFile; fileRef = 14A57E19242FFD42009A9235 /* RestApiService.swift */; };
		14A57E1C24300026009A9235 /* CTEventInfo.swift in Sources */ = {isa = PBXBuildFile; fileRef = 14A57E1B24300026009A9235 /* CTEventInfo.swift */; };
		14A57E5124327982009A9235 /* LocationService.swift in Sources */ = {isa = PBXBuildFile; fileRef = 14A57E5024327982009A9235 /* LocationService.swift */; };
		14A57E542433C859009A9235 /* Constants.swift in Sources */ = {isa = PBXBuildFile; fileRef = 14A57E532433C859009A9235 /* Constants.swift */; };
		14A57E562433DC93009A9235 /* RestRequestService.swift in Sources */ = {isa = PBXBuildFile; fileRef = 14A57E552433DC93009A9235 /* RestRequestService.swift */; };
		14A57E582433F12E009A9235 /* TrackingViewController.swift in Sources */ = {isa = PBXBuildFile; fileRef = 14A57E572433F12E009A9235 /* TrackingViewController.swift */; };
		D46E1E5D6FEA9752D6E7EC57 /* Pods_CoronaTracker.framework in Frameworks */ = {isa = PBXBuildFile; fileRef = B1D16E2E4034FFAF8D334040 /* Pods_CoronaTracker.framework */; };
/* End PBXBuildFile section */

/* Begin PBXContainerItemProxy section */
		14A57E01242F49BD009A9235 /* PBXContainerItemProxy */ = {
			isa = PBXContainerItemProxy;
			containerPortal = 14A57DE2242F49BC009A9235 /* Project object */;
			proxyType = 1;
			remoteGlobalIDString = 14A57DE9242F49BC009A9235;
			remoteInfo = CoronaTracker;
		};
/* End PBXContainerItemProxy section */

/* Begin PBXFileReference section */
		14A57DEA242F49BC009A9235 /* CoronaTracker.app */ = {isa = PBXFileReference; explicitFileType = wrapper.application; includeInIndex = 0; path = CoronaTracker.app; sourceTree = BUILT_PRODUCTS_DIR; };
		14A57DED242F49BC009A9235 /* AppDelegate.swift */ = {isa = PBXFileReference; lastKnownFileType = sourcecode.swift; path = AppDelegate.swift; sourceTree = "<group>"; };
		14A57DEF242F49BC009A9235 /* SceneDelegate.swift */ = {isa = PBXFileReference; lastKnownFileType = sourcecode.swift; path = SceneDelegate.swift; sourceTree = "<group>"; };
		14A57DF1242F49BC009A9235 /* RegistrationViewController.swift */ = {isa = PBXFileReference; lastKnownFileType = sourcecode.swift; path = RegistrationViewController.swift; sourceTree = "<group>"; };
		14A57DF4242F49BC009A9235 /* Base */ = {isa = PBXFileReference; lastKnownFileType = file.storyboard; name = Base; path = Base.lproj/Main.storyboard; sourceTree = "<group>"; };
		14A57DF6242F49BD009A9235 /* Assets.xcassets */ = {isa = PBXFileReference; lastKnownFileType = folder.assetcatalog; path = Assets.xcassets; sourceTree = "<group>"; };
		14A57DF9242F49BD009A9235 /* Base */ = {isa = PBXFileReference; lastKnownFileType = file.storyboard; name = Base; path = Base.lproj/LaunchScreen.storyboard; sourceTree = "<group>"; };
		14A57DFB242F49BD009A9235 /* Info.plist */ = {isa = PBXFileReference; lastKnownFileType = text.plist.xml; path = Info.plist; sourceTree = "<group>"; };
		14A57E00242F49BD009A9235 /* CoronaTrackerTests.xctest */ = {isa = PBXFileReference; explicitFileType = wrapper.cfbundle; includeInIndex = 0; path = CoronaTrackerTests.xctest; sourceTree = BUILT_PRODUCTS_DIR; };
		14A57E04242F49BD009A9235 /* CoronaTrackerTests.swift */ = {isa = PBXFileReference; lastKnownFileType = sourcecode.swift; path = CoronaTrackerTests.swift; sourceTree = "<group>"; };
		14A57E06242F49BD009A9235 /* Info.plist */ = {isa = PBXFileReference; lastKnownFileType = text.plist.xml; path = Info.plist; sourceTree = "<group>"; };
		14A57E13242FD5FA009A9235 /* CTUserInfo.swift */ = {isa = PBXFileReference; lastKnownFileType = sourcecode.swift; path = CTUserInfo.swift; sourceTree = "<group>"; };
		14A57E15242FD9BF009A9235 /* SecStorageService.swift */ = {isa = PBXFileReference; lastKnownFileType = sourcecode.swift; path = SecStorageService.swift; sourceTree = "<group>"; };
		14A57E17242FD9DD009A9235 /* SecKeyService.swift */ = {isa = PBXFileReference; lastKnownFileType = sourcecode.swift; path = SecKeyService.swift; sourceTree = "<group>"; };
		14A57E19242FFD42009A9235 /* RestApiService.swift */ = {isa = PBXFileReference; lastKnownFileType = sourcecode.swift; path = RestApiService.swift; sourceTree = "<group>"; };
		14A57E1B24300026009A9235 /* CTEventInfo.swift */ = {isa = PBXFileReference; lastKnownFileType = sourcecode.swift; path = CTEventInfo.swift; sourceTree = "<group>"; };
		14A57E5024327982009A9235 /* LocationService.swift */ = {isa = PBXFileReference; lastKnownFileType = sourcecode.swift; path = LocationService.swift; sourceTree = "<group>"; };
		14A57E532433C859009A9235 /* Constants.swift */ = {isa = PBXFileReference; lastKnownFileType = sourcecode.swift; path = Constants.swift; sourceTree = "<group>"; };
		14A57E552433DC93009A9235 /* RestRequestService.swift */ = {isa = PBXFileReference; lastKnownFileType = sourcecode.swift; path = RestRequestService.swift; sourceTree = "<group>"; };
		14A57E572433F12E009A9235 /* TrackingViewController.swift */ = {isa = PBXFileReference; lastKnownFileType = sourcecode.swift; path = TrackingViewController.swift; sourceTree = "<group>"; };
		36FF02488DD848740E1F7CC6 /* Pods-CoronaTrackerTests.release.xcconfig */ = {isa = PBXFileReference; includeInIndex = 1; lastKnownFileType = text.xcconfig; name = "Pods-CoronaTrackerTests.release.xcconfig"; path = "Target Support Files/Pods-CoronaTrackerTests/Pods-CoronaTrackerTests.release.xcconfig"; sourceTree = "<group>"; };
		8774F73EF21D39C6678D667E /* Pods_CoronaTrackerTests.framework */ = {isa = PBXFileReference; explicitFileType = wrapper.framework; includeInIndex = 0; path = Pods_CoronaTrackerTests.framework; sourceTree = BUILT_PRODUCTS_DIR; };
		B1D16E2E4034FFAF8D334040 /* Pods_CoronaTracker.framework */ = {isa = PBXFileReference; explicitFileType = wrapper.framework; includeInIndex = 0; path = Pods_CoronaTracker.framework; sourceTree = BUILT_PRODUCTS_DIR; };
		D5CC2D34E28E94B1080BDA64 /* Pods-CoronaTrackerTests.debug.xcconfig */ = {isa = PBXFileReference; includeInIndex = 1; lastKnownFileType = text.xcconfig; name = "Pods-CoronaTrackerTests.debug.xcconfig"; path = "Target Support Files/Pods-CoronaTrackerTests/Pods-CoronaTrackerTests.debug.xcconfig"; sourceTree = "<group>"; };
		D9728D84213C7322F936F224 /* Pods-CoronaTracker.debug.xcconfig */ = {isa = PBXFileReference; includeInIndex = 1; lastKnownFileType = text.xcconfig; name = "Pods-CoronaTracker.debug.xcconfig"; path = "Target Support Files/Pods-CoronaTracker/Pods-CoronaTracker.debug.xcconfig"; sourceTree = "<group>"; };
		DD2F6068F294561D7F9BA79A /* Pods-CoronaTracker.release.xcconfig */ = {isa = PBXFileReference; includeInIndex = 1; lastKnownFileType = text.xcconfig; name = "Pods-CoronaTracker.release.xcconfig"; path = "Target Support Files/Pods-CoronaTracker/Pods-CoronaTracker.release.xcconfig"; sourceTree = "<group>"; };
/* End PBXFileReference section */

/* Begin PBXFrameworksBuildPhase section */
		14A57DE7242F49BC009A9235 /* Frameworks */ = {
			isa = PBXFrameworksBuildPhase;
			buildActionMask = 2147483647;
			files = (
				D46E1E5D6FEA9752D6E7EC57 /* Pods_CoronaTracker.framework in Frameworks */,
			);
			runOnlyForDeploymentPostprocessing = 0;
		};
		14A57DFD242F49BD009A9235 /* Frameworks */ = {
			isa = PBXFrameworksBuildPhase;
			buildActionMask = 2147483647;
			files = (
				06117EC6107CCCD879DFBE47 /* Pods_CoronaTrackerTests.framework in Frameworks */,
			);
			runOnlyForDeploymentPostprocessing = 0;
		};
/* End PBXFrameworksBuildPhase section */

/* Begin PBXGroup section */
		14A57DE1242F49BC009A9235 = {
			isa = PBXGroup;
			children = (
				14A57DEC242F49BC009A9235 /* CoronaTracker */,
				14A57E03242F49BD009A9235 /* CoronaTrackerTests */,
				14A57DEB242F49BC009A9235 /* Products */,
				5334178A850B507114845D0B /* Pods */,
				AD404D2EFF56699AB988F239 /* Frameworks */,
			);
			sourceTree = "<group>";
		};
		14A57DEB242F49BC009A9235 /* Products */ = {
			isa = PBXGroup;
			children = (
				14A57DEA242F49BC009A9235 /* CoronaTracker.app */,
				14A57E00242F49BD009A9235 /* CoronaTrackerTests.xctest */,
			);
			name = Products;
			sourceTree = "<group>";
		};
		14A57DEC242F49BC009A9235 /* CoronaTracker */ = {
			isa = PBXGroup;
			children = (
				14A57E12242FD5E9009A9235 /* Models */,
				14A57E11242FD5DD009A9235 /* Services */,
				14A57E10242FAD51009A9235 /* Scenes */,
				14A57E0F242FAD07009A9235 /* Support */,
				14A57E522433C845009A9235 /* Utils */,
			);
			path = CoronaTracker;
			sourceTree = "<group>";
		};
		14A57E03242F49BD009A9235 /* CoronaTrackerTests */ = {
			isa = PBXGroup;
			children = (
				14A57E04242F49BD009A9235 /* CoronaTrackerTests.swift */,
				14A57E06242F49BD009A9235 /* Info.plist */,
			);
			path = CoronaTrackerTests;
			sourceTree = "<group>";
		};
		14A57E0F242FAD07009A9235 /* Support */ = {
			isa = PBXGroup;
			children = (
				14A57DFB242F49BD009A9235 /* Info.plist */,
				14A57DF6242F49BD009A9235 /* Assets.xcassets */,
				14A57DF3242F49BC009A9235 /* Main.storyboard */,
				14A57DF8242F49BD009A9235 /* LaunchScreen.storyboard */,
				14A57DED242F49BC009A9235 /* AppDelegate.swift */,
				14A57DEF242F49BC009A9235 /* SceneDelegate.swift */,
			);
			path = Support;
			sourceTree = "<group>";
		};
		14A57E10242FAD51009A9235 /* Scenes */ = {
			isa = PBXGroup;
			children = (
				14A57DF1242F49BC009A9235 /* RegistrationViewController.swift */,
				14A57E572433F12E009A9235 /* TrackingViewController.swift */,
			);
			path = Scenes;
			sourceTree = "<group>";
		};
		14A57E11242FD5DD009A9235 /* Services */ = {
			isa = PBXGroup;
			children = (
				14A57E19242FFD42009A9235 /* RestApiService.swift */,
				14A57E17242FD9DD009A9235 /* SecKeyService.swift */,
				14A57E15242FD9BF009A9235 /* SecStorageService.swift */,
				14A57E5024327982009A9235 /* LocationService.swift */,
				14A57E552433DC93009A9235 /* RestRequestService.swift */,
			);
			path = Services;
			sourceTree = "<group>";
		};
		14A57E12242FD5E9009A9235 /* Models */ = {
			isa = PBXGroup;
			children = (
				14A57E13242FD5FA009A9235 /* CTUserInfo.swift */,
				14A57E1B24300026009A9235 /* CTEventInfo.swift */,
			);
			path = Models;
			sourceTree = "<group>";
		};
		14A57E522433C845009A9235 /* Utils */ = {
			isa = PBXGroup;
			children = (
				14A57E532433C859009A9235 /* Constants.swift */,
			);
			path = Utils;
			sourceTree = "<group>";
		};
		5334178A850B507114845D0B /* Pods */ = {
			isa = PBXGroup;
			children = (
				D9728D84213C7322F936F224 /* Pods-CoronaTracker.debug.xcconfig */,
				DD2F6068F294561D7F9BA79A /* Pods-CoronaTracker.release.xcconfig */,
				D5CC2D34E28E94B1080BDA64 /* Pods-CoronaTrackerTests.debug.xcconfig */,
				36FF02488DD848740E1F7CC6 /* Pods-CoronaTrackerTests.release.xcconfig */,
			);
			path = Pods;
			sourceTree = "<group>";
		};
		AD404D2EFF56699AB988F239 /* Frameworks */ = {
			isa = PBXGroup;
			children = (
				B1D16E2E4034FFAF8D334040 /* Pods_CoronaTracker.framework */,
				8774F73EF21D39C6678D667E /* Pods_CoronaTrackerTests.framework */,
			);
			name = Frameworks;
			sourceTree = "<group>";
		};
/* End PBXGroup section */

/* Begin PBXNativeTarget section */
		14A57DE9242F49BC009A9235 /* CoronaTracker */ = {
			isa = PBXNativeTarget;
			buildConfigurationList = 14A57E09242F49BD009A9235 /* Build configuration list for PBXNativeTarget "CoronaTracker" */;
			buildPhases = (
				6887BAA86A44872A187466D8 /* [CP] Check Pods Manifest.lock */,
				14A57DE6242F49BC009A9235 /* Sources */,
				14A57DE7242F49BC009A9235 /* Frameworks */,
				14A57DE8242F49BC009A9235 /* Resources */,
				F29F9F90DA9653596E534A82 /* [CP] Embed Pods Frameworks */,
			);
			buildRules = (
			);
			dependencies = (
			);
			name = CoronaTracker;
			productName = CoronaTracker;
			productReference = 14A57DEA242F49BC009A9235 /* CoronaTracker.app */;
			productType = "com.apple.product-type.application";
		};
		14A57DFF242F49BD009A9235 /* CoronaTrackerTests */ = {
			isa = PBXNativeTarget;
			buildConfigurationList = 14A57E0C242F49BD009A9235 /* Build configuration list for PBXNativeTarget "CoronaTrackerTests" */;
			buildPhases = (
				CD4E95772398E1D0EE448A18 /* [CP] Check Pods Manifest.lock */,
				14A57DFC242F49BD009A9235 /* Sources */,
				14A57DFD242F49BD009A9235 /* Frameworks */,
				14A57DFE242F49BD009A9235 /* Resources */,
			);
			buildRules = (
			);
			dependencies = (
				14A57E02242F49BD009A9235 /* PBXTargetDependency */,
			);
			name = CoronaTrackerTests;
			productName = CoronaTrackerTests;
			productReference = 14A57E00242F49BD009A9235 /* CoronaTrackerTests.xctest */;
			productType = "com.apple.product-type.bundle.unit-test";
		};
/* End PBXNativeTarget section */

/* Begin PBXProject section */
		14A57DE2242F49BC009A9235 /* Project object */ = {
			isa = PBXProject;
			attributes = {
				LastSwiftUpdateCheck = 1130;
				LastUpgradeCheck = 1130;
				ORGANIZATIONNAME = "Corona Tracker";
				TargetAttributes = {
					14A57DE9242F49BC009A9235 = {
						CreatedOnToolsVersion = 11.3.1;
					};
					14A57DFF242F49BD009A9235 = {
						CreatedOnToolsVersion = 11.3.1;
						TestTargetID = 14A57DE9242F49BC009A9235;
					};
				};
			};
			buildConfigurationList = 14A57DE5242F49BC009A9235 /* Build configuration list for PBXProject "CoronaTracker" */;
			compatibilityVersion = "Xcode 9.3";
			developmentRegion = en;
			hasScannedForEncodings = 0;
			knownRegions = (
				en,
				Base,
			);
			mainGroup = 14A57DE1242F49BC009A9235;
			productRefGroup = 14A57DEB242F49BC009A9235 /* Products */;
			projectDirPath = "";
			projectRoot = "";
			targets = (
				14A57DE9242F49BC009A9235 /* CoronaTracker */,
				14A57DFF242F49BD009A9235 /* CoronaTrackerTests */,
			);
		};
/* End PBXProject section */

/* Begin PBXResourcesBuildPhase section */
		14A57DE8242F49BC009A9235 /* Resources */ = {
			isa = PBXResourcesBuildPhase;
			buildActionMask = 2147483647;
			files = (
				14A57DFA242F49BD009A9235 /* LaunchScreen.storyboard in Resources */,
				14A57DF7242F49BD009A9235 /* Assets.xcassets in Resources */,
				14A57DF5242F49BC009A9235 /* Main.storyboard in Resources */,
			);
			runOnlyForDeploymentPostprocessing = 0;
		};
		14A57DFE242F49BD009A9235 /* Resources */ = {
			isa = PBXResourcesBuildPhase;
			buildActionMask = 2147483647;
			files = (
			);
			runOnlyForDeploymentPostprocessing = 0;
		};
/* End PBXResourcesBuildPhase section */

/* Begin PBXShellScriptBuildPhase section */
		6887BAA86A44872A187466D8 /* [CP] Check Pods Manifest.lock */ = {
			isa = PBXShellScriptBuildPhase;
			buildActionMask = 2147483647;
			files = (
			);
			inputFileListPaths = (
			);
			inputPaths = (
				"${PODS_PODFILE_DIR_PATH}/Podfile.lock",
				"${PODS_ROOT}/Manifest.lock",
			);
			name = "[CP] Check Pods Manifest.lock";
			outputFileListPaths = (
			);
			outputPaths = (
				"$(DERIVED_FILE_DIR)/Pods-CoronaTracker-checkManifestLockResult.txt",
			);
			runOnlyForDeploymentPostprocessing = 0;
			shellPath = /bin/sh;
			shellScript = "diff \"${PODS_PODFILE_DIR_PATH}/Podfile.lock\" \"${PODS_ROOT}/Manifest.lock\" > /dev/null\nif [ $? != 0 ] ; then\n    # print error to STDERR\n    echo \"error: The sandbox is not in sync with the Podfile.lock. Run 'pod install' or update your CocoaPods installation.\" >&2\n    exit 1\nfi\n# This output is used by Xcode 'outputs' to avoid re-running this script phase.\necho \"SUCCESS\" > \"${SCRIPT_OUTPUT_FILE_0}\"\n";
			showEnvVarsInLog = 0;
		};
		CD4E95772398E1D0EE448A18 /* [CP] Check Pods Manifest.lock */ = {
			isa = PBXShellScriptBuildPhase;
			buildActionMask = 2147483647;
			files = (
			);
			inputFileListPaths = (
			);
			inputPaths = (
				"${PODS_PODFILE_DIR_PATH}/Podfile.lock",
				"${PODS_ROOT}/Manifest.lock",
			);
			name = "[CP] Check Pods Manifest.lock";
			outputFileListPaths = (
			);
			outputPaths = (
				"$(DERIVED_FILE_DIR)/Pods-CoronaTrackerTests-checkManifestLockResult.txt",
			);
			runOnlyForDeploymentPostprocessing = 0;
			shellPath = /bin/sh;
			shellScript = "diff \"${PODS_PODFILE_DIR_PATH}/Podfile.lock\" \"${PODS_ROOT}/Manifest.lock\" > /dev/null\nif [ $? != 0 ] ; then\n    # print error to STDERR\n    echo \"error: The sandbox is not in sync with the Podfile.lock. Run 'pod install' or update your CocoaPods installation.\" >&2\n    exit 1\nfi\n# This output is used by Xcode 'outputs' to avoid re-running this script phase.\necho \"SUCCESS\" > \"${SCRIPT_OUTPUT_FILE_0}\"\n";
			showEnvVarsInLog = 0;
		};
		F29F9F90DA9653596E534A82 /* [CP] Embed Pods Frameworks */ = {
			isa = PBXShellScriptBuildPhase;
			buildActionMask = 2147483647;
			files = (
			);
			inputFileListPaths = (
				"${PODS_ROOT}/Target Support Files/Pods-CoronaTracker/Pods-CoronaTracker-frameworks-${CONFIGURATION}-input-files.xcfilelist",
			);
			name = "[CP] Embed Pods Frameworks";
			outputFileListPaths = (
				"${PODS_ROOT}/Target Support Files/Pods-CoronaTracker/Pods-CoronaTracker-frameworks-${CONFIGURATION}-output-files.xcfilelist",
			);
			runOnlyForDeploymentPostprocessing = 0;
			shellPath = /bin/sh;
			shellScript = "\"${PODS_ROOT}/Target Support Files/Pods-CoronaTracker/Pods-CoronaTracker-frameworks.sh\"\n";
			showEnvVarsInLog = 0;
		};
/* End PBXShellScriptBuildPhase section */

/* Begin PBXSourcesBuildPhase section */
		14A57DE6242F49BC009A9235 /* Sources */ = {
			isa = PBXSourcesBuildPhase;
			buildActionMask = 2147483647;
			files = (
				14A57DF2242F49BC009A9235 /* RegistrationViewController.swift in Sources */,
				14A57E1C24300026009A9235 /* CTEventInfo.swift in Sources */,
				14A57E1A242FFD42009A9235 /* RestApiService.swift in Sources */,
				14A57E16242FD9BF009A9235 /* SecStorageService.swift in Sources */,
				14A57E14242FD5FA009A9235 /* CTUserInfo.swift in Sources */,
				14A57E542433C859009A9235 /* Constants.swift in Sources */,
				14A57E562433DC93009A9235 /* RestRequestService.swift in Sources */,
				14A57E18242FD9DD009A9235 /* SecKeyService.swift in Sources */,
				14A57DEE242F49BC009A9235 /* AppDelegate.swift in Sources */,
				14A57E582433F12E009A9235 /* TrackingViewController.swift in Sources */,
				14A57E5124327982009A9235 /* LocationService.swift in Sources */,
				14A57DF0242F49BC009A9235 /* SceneDelegate.swift in Sources */,
			);
			runOnlyForDeploymentPostprocessing = 0;
		};
		14A57DFC242F49BD009A9235 /* Sources */ = {
			isa = PBXSourcesBuildPhase;
			buildActionMask = 2147483647;
			files = (
				14A57E05242F49BD009A9235 /* CoronaTrackerTests.swift in Sources */,
			);
			runOnlyForDeploymentPostprocessing = 0;
		};
/* End PBXSourcesBuildPhase section */

/* Begin PBXTargetDependency section */
		14A57E02242F49BD009A9235 /* PBXTargetDependency */ = {
			isa = PBXTargetDependency;
			target = 14A57DE9242F49BC009A9235 /* CoronaTracker */;
			targetProxy = 14A57E01242F49BD009A9235 /* PBXContainerItemProxy */;
		};
/* End PBXTargetDependency section */

/* Begin PBXVariantGroup section */
		14A57DF3242F49BC009A9235 /* Main.storyboard */ = {
			isa = PBXVariantGroup;
			children = (
				14A57DF4242F49BC009A9235 /* Base */,
			);
			name = Main.storyboard;
			sourceTree = "<group>";
		};
		14A57DF8242F49BD009A9235 /* LaunchScreen.storyboard */ = {
			isa = PBXVariantGroup;
			children = (
				14A57DF9242F49BD009A9235 /* Base */,
			);
			name = LaunchScreen.storyboard;
			sourceTree = "<group>";
		};
/* End PBXVariantGroup section */

/* Begin XCBuildConfiguration section */
		14A57E07242F49BD009A9235 /* Debug */ = {
			isa = XCBuildConfiguration;
			buildSettings = {
				ALWAYS_SEARCH_USER_PATHS = NO;
				CLANG_ANALYZER_NONNULL = YES;
				CLANG_ANALYZER_NUMBER_OBJECT_CONVERSION = YES_AGGRESSIVE;
				CLANG_CXX_LANGUAGE_STANDARD = "gnu++14";
				CLANG_CXX_LIBRARY = "libc++";
				CLANG_ENABLE_MODULES = YES;
				CLANG_ENABLE_OBJC_ARC = YES;
				CLANG_ENABLE_OBJC_WEAK = YES;
				CLANG_WARN_BLOCK_CAPTURE_AUTORELEASING = YES;
				CLANG_WARN_BOOL_CONVERSION = YES;
				CLANG_WARN_COMMA = YES;
				CLANG_WARN_CONSTANT_CONVERSION = YES;
				CLANG_WARN_DEPRECATED_OBJC_IMPLEMENTATIONS = YES;
				CLANG_WARN_DIRECT_OBJC_ISA_USAGE = YES_ERROR;
				CLANG_WARN_DOCUMENTATION_COMMENTS = YES;
				CLANG_WARN_EMPTY_BODY = YES;
				CLANG_WARN_ENUM_CONVERSION = YES;
				CLANG_WARN_INFINITE_RECURSION = YES;
				CLANG_WARN_INT_CONVERSION = YES;
				CLANG_WARN_NON_LITERAL_NULL_CONVERSION = YES;
				CLANG_WARN_OBJC_IMPLICIT_RETAIN_SELF = YES;
				CLANG_WARN_OBJC_LITERAL_CONVERSION = YES;
				CLANG_WARN_OBJC_ROOT_CLASS = YES_ERROR;
				CLANG_WARN_RANGE_LOOP_ANALYSIS = YES;
				CLANG_WARN_STRICT_PROTOTYPES = YES;
				CLANG_WARN_SUSPICIOUS_MOVE = YES;
				CLANG_WARN_UNGUARDED_AVAILABILITY = YES_AGGRESSIVE;
				CLANG_WARN_UNREACHABLE_CODE = YES;
				CLANG_WARN__DUPLICATE_METHOD_MATCH = YES;
				COPY_PHASE_STRIP = NO;
				DEBUG_INFORMATION_FORMAT = dwarf;
				ENABLE_STRICT_OBJC_MSGSEND = YES;
				ENABLE_TESTABILITY = YES;
				GCC_C_LANGUAGE_STANDARD = gnu11;
				GCC_DYNAMIC_NO_PIC = NO;
				GCC_NO_COMMON_BLOCKS = YES;
				GCC_OPTIMIZATION_LEVEL = 0;
				GCC_PREPROCESSOR_DEFINITIONS = (
					"DEBUG=1",
					"$(inherited)",
				);
				GCC_WARN_64_TO_32_BIT_CONVERSION = YES;
				GCC_WARN_ABOUT_RETURN_TYPE = YES_ERROR;
				GCC_WARN_UNDECLARED_SELECTOR = YES;
				GCC_WARN_UNINITIALIZED_AUTOS = YES_AGGRESSIVE;
				GCC_WARN_UNUSED_FUNCTION = YES;
				GCC_WARN_UNUSED_VARIABLE = YES;
				IPHONEOS_DEPLOYMENT_TARGET = 11.0;
				MTL_ENABLE_DEBUG_INFO = INCLUDE_SOURCE;
				MTL_FAST_MATH = YES;
				ONLY_ACTIVE_ARCH = YES;
				SDKROOT = iphoneos;
				SWIFT_ACTIVE_COMPILATION_CONDITIONS = DEBUG;
				SWIFT_OPTIMIZATION_LEVEL = "-Onone";
			};
			name = Debug;
		};
		14A57E08242F49BD009A9235 /* Release */ = {
			isa = XCBuildConfiguration;
			buildSettings = {
				ALWAYS_SEARCH_USER_PATHS = NO;
				CLANG_ANALYZER_NONNULL = YES;
				CLANG_ANALYZER_NUMBER_OBJECT_CONVERSION = YES_AGGRESSIVE;
				CLANG_CXX_LANGUAGE_STANDARD = "gnu++14";
				CLANG_CXX_LIBRARY = "libc++";
				CLANG_ENABLE_MODULES = YES;
				CLANG_ENABLE_OBJC_ARC = YES;
				CLANG_ENABLE_OBJC_WEAK = YES;
				CLANG_WARN_BLOCK_CAPTURE_AUTORELEASING = YES;
				CLANG_WARN_BOOL_CONVERSION = YES;
				CLANG_WARN_COMMA = YES;
				CLANG_WARN_CONSTANT_CONVERSION = YES;
				CLANG_WARN_DEPRECATED_OBJC_IMPLEMENTATIONS = YES;
				CLANG_WARN_DIRECT_OBJC_ISA_USAGE = YES_ERROR;
				CLANG_WARN_DOCUMENTATION_COMMENTS = YES;
				CLANG_WARN_EMPTY_BODY = YES;
				CLANG_WARN_ENUM_CONVERSION = YES;
				CLANG_WARN_INFINITE_RECURSION = YES;
				CLANG_WARN_INT_CONVERSION = YES;
				CLANG_WARN_NON_LITERAL_NULL_CONVERSION = YES;
				CLANG_WARN_OBJC_IMPLICIT_RETAIN_SELF = YES;
				CLANG_WARN_OBJC_LITERAL_CONVERSION = YES;
				CLANG_WARN_OBJC_ROOT_CLASS = YES_ERROR;
				CLANG_WARN_RANGE_LOOP_ANALYSIS = YES;
				CLANG_WARN_STRICT_PROTOTYPES = YES;
				CLANG_WARN_SUSPICIOUS_MOVE = YES;
				CLANG_WARN_UNGUARDED_AVAILABILITY = YES_AGGRESSIVE;
				CLANG_WARN_UNREACHABLE_CODE = YES;
				CLANG_WARN__DUPLICATE_METHOD_MATCH = YES;
				COPY_PHASE_STRIP = NO;
				DEBUG_INFORMATION_FORMAT = "dwarf-with-dsym";
				ENABLE_NS_ASSERTIONS = NO;
				ENABLE_STRICT_OBJC_MSGSEND = YES;
				GCC_C_LANGUAGE_STANDARD = gnu11;
				GCC_NO_COMMON_BLOCKS = YES;
				GCC_WARN_64_TO_32_BIT_CONVERSION = YES;
				GCC_WARN_ABOUT_RETURN_TYPE = YES_ERROR;
				GCC_WARN_UNDECLARED_SELECTOR = YES;
				GCC_WARN_UNINITIALIZED_AUTOS = YES_AGGRESSIVE;
				GCC_WARN_UNUSED_FUNCTION = YES;
				GCC_WARN_UNUSED_VARIABLE = YES;
				IPHONEOS_DEPLOYMENT_TARGET = 11.0;
				MTL_ENABLE_DEBUG_INFO = NO;
				MTL_FAST_MATH = YES;
				SDKROOT = iphoneos;
				SWIFT_COMPILATION_MODE = wholemodule;
				SWIFT_OPTIMIZATION_LEVEL = "-O";
				VALIDATE_PRODUCT = YES;
			};
			name = Release;
		};
		14A57E0A242F49BD009A9235 /* Debug */ = {
			isa = XCBuildConfiguration;
			baseConfigurationReference = D9728D84213C7322F936F224 /* Pods-CoronaTracker.debug.xcconfig */;
			buildSettings = {
				ASSETCATALOG_COMPILER_APPICON_NAME = AppIcon;
				CODE_SIGN_STYLE = Automatic;
				DEVELOPMENT_TEAM = 76KSWDPWX9;
				INFOPLIST_FILE = CoronaTracker/Support/Info.plist;
				LD_RUNPATH_SEARCH_PATHS = (
					"$(inherited)",
					"@executable_path/Frameworks",
				);
				PRODUCT_BUNDLE_IDENTIFIER = com.coronatraker.bd.CoronaTracker;
				PRODUCT_NAME = "$(TARGET_NAME)";
				SWIFT_VERSION = 5.0;
				TARGETED_DEVICE_FAMILY = "1,2";
			};
			name = Debug;
		};
		14A57E0B242F49BD009A9235 /* Release */ = {
			isa = XCBuildConfiguration;
			baseConfigurationReference = DD2F6068F294561D7F9BA79A /* Pods-CoronaTracker.release.xcconfig */;
			buildSettings = {
				ASSETCATALOG_COMPILER_APPICON_NAME = AppIcon;
				CODE_SIGN_STYLE = Automatic;
				DEVELOPMENT_TEAM = 76KSWDPWX9;
				INFOPLIST_FILE = CoronaTracker/Support/Info.plist;
				LD_RUNPATH_SEARCH_PATHS = (
					"$(inherited)",
					"@executable_path/Frameworks",
				);
				PRODUCT_BUNDLE_IDENTIFIER = com.coronatraker.bd.CoronaTracker;
				PRODUCT_NAME = "$(TARGET_NAME)";
				SWIFT_VERSION = 5.0;
				TARGETED_DEVICE_FAMILY = "1,2";
			};
			name = Release;
		};
		14A57E0D242F49BD009A9235 /* Debug */ = {
			isa = XCBuildConfiguration;
			baseConfigurationReference = D5CC2D34E28E94B1080BDA64 /* Pods-CoronaTrackerTests.debug.xcconfig */;
			buildSettings = {
				ALWAYS_EMBED_SWIFT_STANDARD_LIBRARIES = YES;
				BUNDLE_LOADER = "$(TEST_HOST)";
				CODE_SIGN_STYLE = Automatic;
				DEVELOPMENT_TEAM = 76KSWDPWX9;
				INFOPLIST_FILE = CoronaTrackerTests/Info.plist;
				IPHONEOS_DEPLOYMENT_TARGET = 13.2;
				LD_RUNPATH_SEARCH_PATHS = (
					"$(inherited)",
					"@executable_path/Frameworks",
					"@loader_path/Frameworks",
				);
				PRODUCT_BUNDLE_IDENTIFIER = com.coronatraker.bd.CoronaTrackerTests;
				PRODUCT_NAME = "$(TARGET_NAME)";
				SWIFT_VERSION = 5.0;
				TARGETED_DEVICE_FAMILY = "1,2";
				TEST_HOST = "$(BUILT_PRODUCTS_DIR)/CoronaTracker.app/CoronaTracker";
			};
			name = Debug;
		};
		14A57E0E242F49BD009A9235 /* Release */ = {
			isa = XCBuildConfiguration;
			baseConfigurationReference = 36FF02488DD848740E1F7CC6 /* Pods-CoronaTrackerTests.release.xcconfig */;
			buildSettings = {
				ALWAYS_EMBED_SWIFT_STANDARD_LIBRARIES = YES;
				BUNDLE_LOADER = "$(TEST_HOST)";
				CODE_SIGN_STYLE = Automatic;
				DEVELOPMENT_TEAM = 76KSWDPWX9;
				INFOPLIST_FILE = CoronaTrackerTests/Info.plist;
				IPHONEOS_DEPLOYMENT_TARGET = 13.2;
				LD_RUNPATH_SEARCH_PATHS = (
					"$(inherited)",
					"@executable_path/Frameworks",
					"@loader_path/Frameworks",
				);
				PRODUCT_BUNDLE_IDENTIFIER = com.coronatraker.bd.CoronaTrackerTests;
				PRODUCT_NAME = "$(TARGET_NAME)";
				SWIFT_VERSION = 5.0;
				TARGETED_DEVICE_FAMILY = "1,2";
				TEST_HOST = "$(BUILT_PRODUCTS_DIR)/CoronaTracker.app/CoronaTracker";
			};
			name = Release;
		};
/* End XCBuildConfiguration section */

/* Begin XCConfigurationList section */
		14A57DE5242F49BC009A9235 /* Build configuration list for PBXProject "CoronaTracker" */ = {
			isa = XCConfigurationList;
			buildConfigurations = (
				14A57E07242F49BD009A9235 /* Debug */,
				14A57E08242F49BD009A9235 /* Release */,
			);
			defaultConfigurationIsVisible = 0;
			defaultConfigurationName = Release;
		};
		14A57E09242F49BD009A9235 /* Build configuration list for PBXNativeTarget "CoronaTracker" */ = {
			isa = XCConfigurationList;
			buildConfigurations = (
				14A57E0A242F49BD009A9235 /* Debug */,
				14A57E0B242F49BD009A9235 /* Release */,
			);
			defaultConfigurationIsVisible = 0;
			defaultConfigurationName = Release;
		};
		14A57E0C242F49BD009A9235 /* Build configuration list for PBXNativeTarget "CoronaTrackerTests" */ = {
			isa = XCConfigurationList;
			buildConfigurations = (
				14A57E0D242F49BD009A9235 /* Debug */,
				14A57E0E242F49BD009A9235 /* Release */,
			);
			defaultConfigurationIsVisible = 0;
			defaultConfigurationName = Release;
		};
/* End XCConfigurationList section */
	};
	rootObject = 14A57DE2242F49BC009A9235 /* Project object */;
}
